
Microsoft Visual Studio Solution File, Format Version 12.00
# Visual Studio 15
VisualStudioVersion = 15.0.28307.902
MinimumVisualStudioVersion = 10.0.40219.1
Project("{9A19103F-16F7-4668-BE54-9A1E7A4F7556}") = "ToysRMe.CommonLibrary", "ToysRMe.CommonLibrary\ToysRMe.CommonLibrary.csproj", "{CCB5509E-5862-493D-8918-9079191B500E}"
EndProject
Project("{9A19103F-16F7-4668-BE54-9A1E7A4F7556}") = "ToysRMe.WebApi", "ToysRMe.WebApi\ToysRMe.WebApi.csproj", "{B3D099D9-6619-46B6-98F3-9BDB618E74CE}"
EndProject
Project("{9A19103F-16F7-4668-BE54-9A1E7A4F7556}") = "ToysRMe.WebMVC", "ToysRMe.WebMVC\ToysRMe.WebMVC.csproj", "{C76159BD-C06F-4D44-88AF-76190E5170A3}"
EndProject
Project("{9A19103F-16F7-4668-BE54-9A1E7A4F7556}") = "ToysRMe.WebNGular", "ToysRMe.WebNGular\ToysRMe.WebNGular.csproj", "{FDD912A5-3CD3-4271-80C0-E53BAE539FDA}"
EndProject
Global
	GlobalSection(SolutionConfigurationPlatforms) = preSolution
		Debug|Any CPU = Debug|Any CPU
		Release|Any CPU = Release|Any CPU
	EndGlobalSection
	GlobalSection(ProjectConfigurationPlatforms) = postSolution
		{CCB5509E-5862-493D-8918-9079191B500E}.Debug|Any CPU.ActiveCfg = Debug|Any CPU
		{CCB5509E-5862-493D-8918-9079191B500E}.Debug|Any CPU.Build.0 = Debug|Any CPU
		{CCB5509E-5862-493D-8918-9079191B500E}.Release|Any CPU.ActiveCfg = Release|Any CPU
		{CCB5509E-5862-493D-8918-9079191B500E}.Release|Any CPU.Build.0 = Release|Any CPU
		{B3D099D9-6619-46B6-98F3-9BDB618E74CE}.Debug|Any CPU.ActiveCfg = Debug|Any CPU
		{B3D099D9-6619-46B6-98F3-9BDB618E74CE}.Debug|Any CPU.Build.0 = Debug|Any CPU
		{B3D099D9-6619-46B6-98F3-9BDB618E74CE}.Release|Any CPU.ActiveCfg = Release|Any CPU
		{B3D099D9-6619-46B6-98F3-9BDB618E74CE}.Release|Any CPU.Build.0 = Release|Any CPU
		{C76159BD-C06F-4D44-88AF-76190E5170A3}.Debug|Any CPU.ActiveCfg = Debug|Any CPU
		{C76159BD-C06F-4D44-88AF-76190E5170A3}.Debug|Any CPU.Build.0 = Debug|Any CPU
		{C76159BD-C06F-4D44-88AF-76190E5170A3}.Release|Any CPU.ActiveCfg = Release|Any CPU
		{C76159BD-C06F-4D44-88AF-76190E5170A3}.Release|Any CPU.Build.0 = Release|Any CPU
		{FDD912A5-3CD3-4271-80C0-E53BAE539FDA}.Debug|Any CPU.ActiveCfg = Debug|Any CPU
		{FDD912A5-3CD3-4271-80C0-E53BAE539FDA}.Debug|Any CPU.Build.0 = Debug|Any CPU
		{FDD912A5-3CD3-4271-80C0-E53BAE539FDA}.Release|Any CPU.ActiveCfg = Release|Any CPU
		{FDD912A5-3CD3-4271-80C0-E53BAE539FDA}.Release|Any CPU.Build.0 = Release|Any CPU
	EndGlobalSection
	GlobalSection(SolutionProperties) = preSolution
		HideSolutionNode = FALSE
	EndGlobalSection
	GlobalSection(ExtensibilityGlobals) = postSolution
		SolutionGuid = {7500BCE7-8602-482A-AD09-65D61E44BFB7}
	EndGlobalSection
EndGlobal
