
Microsoft Visual Studio Solution File, Format Version 12.00
# Visual Studio Version 16
VisualStudioVersion = 16.0.29519.181
MinimumVisualStudioVersion = 10.0.40219.1
Project("{FAE04EC0-301F-11D3-BF4B-00C04F79EFBC}") = "ToysRMe.WebAngular", "ToysRMe.WebAngular.csproj", "{00C83314-041A-4F49-8936-52ADC3C64E8E}"
EndProject
Global
	GlobalSection(SolutionConfigurationPlatforms) = preSolution
		Debug|Any CPU = Debug|Any CPU
		Release|Any CPU = Release|Any CPU
	EndGlobalSection
	GlobalSection(ProjectConfigurationPlatforms) = postSolution
		{00C83314-041A-4F49-8936-52ADC3C64E8E}.Debug|Any CPU.ActiveCfg = Debug|Any CPU
		{00C83314-041A-4F49-8936-52ADC3C64E8E}.Debug|Any CPU.Build.0 = Debug|Any CPU
		{00C83314-041A-4F49-8936-52ADC3C64E8E}.Release|Any CPU.ActiveCfg = Release|Any CPU
		{00C83314-041A-4F49-8936-52ADC3C64E8E}.Release|Any CPU.Build.0 = Release|Any CPU
	EndGlobalSection
	GlobalSection(SolutionProperties) = preSolution
		HideSolutionNode = FALSE
	EndGlobalSection
	GlobalSection(ExtensibilityGlobals) = postSolution
		SolutionGuid = {F38B4AC7-C678-444D-A0A0-696B913DD4C3}
	EndGlobalSection
EndGlobal
